// !$*UTF8*$!
{
	archiveVersion = 1;
	classes = {
	};
	objectVersion = 46;
	objects = {

/* Begin PBXBuildFile section */
		650B520019CB9A9700319CF6 /* AppDelegate.swift in Sources */ = {isa = PBXBuildFile; fileRef = 650B51FF19CB9A9700319CF6 /* AppDelegate.swift */; };
		650B520219CB9A9700319CF6 /* MainViewController.swift in Sources */ = {isa = PBXBuildFile; fileRef = 650B520119CB9A9700319CF6 /* MainViewController.swift */; };
		650B520519CB9A9800319CF6 /* Main.storyboard in Resources */ = {isa = PBXBuildFile; fileRef = 650B520319CB9A9800319CF6 /* Main.storyboard */; };
		650B520719CB9A9800319CF6 /* Images.xcassets in Resources */ = {isa = PBXBuildFile; fileRef = 650B520619CB9A9800319CF6 /* Images.xcassets */; };
		650B520A19CB9A9800319CF6 /* LaunchScreen.xib in Resources */ = {isa = PBXBuildFile; fileRef = 650B520819CB9A9800319CF6 /* LaunchScreen.xib */; };
		650B521619CB9A9800319CF6 /* YelpTests.swift in Sources */ = {isa = PBXBuildFile; fileRef = 650B521519CB9A9800319CF6 /* YelpTests.swift */; };
		651D85EA19CBA00500CB5BB7 /* YelpOAuthClient.swift in Sources */ = {isa = PBXBuildFile; fileRef = 651D85E919CBA00500CB5BB7 /* YelpOAuthClient.swift */; };
		D1B89D9201C647CD8FAB197D /* libPods.a in Frameworks */ = {isa = PBXBuildFile; fileRef = E6EA84F4D7CE4E74B14A2983 /* libPods.a */; };
/* End PBXBuildFile section */

/* Begin PBXContainerItemProxy section */
		650B521019CB9A9800319CF6 /* PBXContainerItemProxy */ = {
			isa = PBXContainerItemProxy;
			containerPortal = 650B51F219CB9A9700319CF6 /* Project object */;
			proxyType = 1;
			remoteGlobalIDString = 650B51F919CB9A9700319CF6;
			remoteInfo = Yelp;
		};
/* End PBXContainerItemProxy section */

/* Begin PBXFileReference section */
		5FC4AFC0D0474846A8F25B40 /* Pods.xcconfig */ = {isa = PBXFileReference; includeInIndex = 1; lastKnownFileType = text.xcconfig; name = Pods.xcconfig; path = Pods/Pods.xcconfig; sourceTree = "<group>"; };
		650B51FA19CB9A9700319CF6 /* Yelp.app */ = {isa = PBXFileReference; explicitFileType = wrapper.application; includeInIndex = 0; path = Yelp.app; sourceTree = BUILT_PRODUCTS_DIR; };
		650B51FE19CB9A9700319CF6 /* Info.plist */ = {isa = PBXFileReference; lastKnownFileType = text.plist.xml; path = Info.plist; sourceTree = "<group>"; };
		650B51FF19CB9A9700319CF6 /* AppDelegate.swift */ = {isa = PBXFileReference; lastKnownFileType = sourcecode.swift; path = AppDelegate.swift; sourceTree = "<group>"; };
		650B520119CB9A9700319CF6 /* MainViewController.swift */ = {isa = PBXFileReference; lastKnownFileType = sourcecode.swift; path = MainViewController.swift; sourceTree = "<group>"; };
		650B520419CB9A9800319CF6 /* Base */ = {isa = PBXFileReference; lastKnownFileType = file.storyboard; name = Base; path = Base.lproj/Main.storyboard; sourceTree = "<group>"; };
		650B520619CB9A9800319CF6 /* Images.xcassets */ = {isa = PBXFileReference; lastKnownFileType = folder.assetcatalog; path = Images.xcassets; sourceTree = "<group>"; };
		650B520919CB9A9800319CF6 /* Base */ = {isa = PBXFileReference; lastKnownFileType = file.xib; name = Base; path = Base.lproj/LaunchScreen.xib; sourceTree = "<group>"; };
		650B520F19CB9A9800319CF6 /* YelpTests.xctest */ = {isa = PBXFileReference; explicitFileType = wrapper.cfbundle; includeInIndex = 0; path = YelpTests.xctest; sourceTree = BUILT_PRODUCTS_DIR; };
		650B521419CB9A9800319CF6 /* Info.plist */ = {isa = PBXFileReference; lastKnownFileType = text.plist.xml; path = Info.plist; sourceTree = "<group>"; };
		650B521519CB9A9800319CF6 /* YelpTests.swift */ = {isa = PBXFileReference; lastKnownFileType = sourcecode.swift; path = YelpTests.swift; sourceTree = "<group>"; };
		651D85E619CB9CC700CB5BB7 /* Yelp-Bridging-Header.h */ = {isa = PBXFileReference; lastKnownFileType = sourcecode.c.h; path = "Yelp-Bridging-Header.h"; sourceTree = "<group>"; };
		651D85E919CBA00500CB5BB7 /* YelpOAuthClient.swift */ = {isa = PBXFileReference; fileEncoding = 4; lastKnownFileType = sourcecode.swift; path = YelpOAuthClient.swift; sourceTree = "<group>"; };
		E6EA84F4D7CE4E74B14A2983 /* libPods.a */ = {isa = PBXFileReference; explicitFileType = archive.ar; includeInIndex = 0; path = libPods.a; sourceTree = BUILT_PRODUCTS_DIR; };
/* End PBXFileReference section */

/* Begin PBXFrameworksBuildPhase section */
		650B51F719CB9A9700319CF6 /* Frameworks */ = {
			isa = PBXFrameworksBuildPhase;
			buildActionMask = 2147483647;
			files = (
				D1B89D9201C647CD8FAB197D /* libPods.a in Frameworks */,
			);
			runOnlyForDeploymentPostprocessing = 0;
		};
		650B520C19CB9A9800319CF6 /* Frameworks */ = {
			isa = PBXFrameworksBuildPhase;
			buildActionMask = 2147483647;
			files = (
			);
			runOnlyForDeploymentPostprocessing = 0;
		};
/* End PBXFrameworksBuildPhase section */

/* Begin PBXGroup section */
		650B51F119CB9A9700319CF6 = {
			isa = PBXGroup;
			children = (
				650B51FC19CB9A9700319CF6 /* Yelp */,
				650B521219CB9A9800319CF6 /* YelpTests */,
				650B51FB19CB9A9700319CF6 /* Products */,
				5FC4AFC0D0474846A8F25B40 /* Pods.xcconfig */,
				FD6A06C318C84BE5A2A9EF7E /* Frameworks */,
			);
			sourceTree = "<group>";
		};
		650B51FB19CB9A9700319CF6 /* Products */ = {
			isa = PBXGroup;
			children = (
				650B51FA19CB9A9700319CF6 /* Yelp.app */,
				650B520F19CB9A9800319CF6 /* YelpTests.xctest */,
			);
			name = Products;
			sourceTree = "<group>";
		};
		650B51FC19CB9A9700319CF6 /* Yelp */ = {
			isa = PBXGroup;
			children = (
				651D85EB19CBAC1D00CB5BB7 /* View Controllers */,
				650B51FF19CB9A9700319CF6 /* AppDelegate.swift */,
				650B520319CB9A9800319CF6 /* Main.storyboard */,
				650B520619CB9A9800319CF6 /* Images.xcassets */,
				650B520819CB9A9800319CF6 /* LaunchScreen.xib */,
				650B51FD19CB9A9700319CF6 /* Supporting Files */,
				651D85E619CB9CC700CB5BB7 /* Yelp-Bridging-Header.h */,
				651D85E919CBA00500CB5BB7 /* YelpOAuthClient.swift */,
			);
			path = Yelp;
			sourceTree = "<group>";
		};
		650B51FD19CB9A9700319CF6 /* Supporting Files */ = {
			isa = PBXGroup;
			children = (
				650B51FE19CB9A9700319CF6 /* Info.plist */,
			);
			name = "Supporting Files";
			sourceTree = "<group>";
		};
		650B521219CB9A9800319CF6 /* YelpTests */ = {
			isa = PBXGroup;
			children = (
				650B521519CB9A9800319CF6 /* YelpTests.swift */,
				650B521319CB9A9800319CF6 /* Supporting Files */,
			);
			path = YelpTests;
			sourceTree = "<group>";
		};
		650B521319CB9A9800319CF6 /* Supporting Files */ = {
			isa = PBXGroup;
			children = (
				650B521419CB9A9800319CF6 /* Info.plist */,
			);
			name = "Supporting Files";
			sourceTree = "<group>";
		};
		651D85EB19CBAC1D00CB5BB7 /* View Controllers */ = {
			isa = PBXGroup;
			children = (
				650B520119CB9A9700319CF6 /* MainViewController.swift */,
			);
			name = "View Controllers";
			sourceTree = "<group>";
		};
		FD6A06C318C84BE5A2A9EF7E /* Frameworks */ = {
			isa = PBXGroup;
			children = (
				E6EA84F4D7CE4E74B14A2983 /* libPods.a */,
			);
			name = Frameworks;
			sourceTree = "<group>";
		};
/* End PBXGroup section */

/* Begin PBXNativeTarget section */
		650B51F919CB9A9700319CF6 /* Yelp */ = {
			isa = PBXNativeTarget;
			buildConfigurationList = 650B521919CB9A9800319CF6 /* Build configuration list for PBXNativeTarget "Yelp" */;
			buildPhases = (
				99203953F4724A86BBC930DD /* Check Pods Manifest.lock */,
				650B51F619CB9A9700319CF6 /* Sources */,
				650B51F719CB9A9700319CF6 /* Frameworks */,
				650B51F819CB9A9700319CF6 /* Resources */,
				B666D4D78BA345219345B9CB /* Copy Pods Resources */,
			);
			buildRules = (
			);
			dependencies = (
			);
			name = Yelp;
			productName = Yelp;
			productReference = 650B51FA19CB9A9700319CF6 /* Yelp.app */;
			productType = "com.apple.product-type.application";
		};
		650B520E19CB9A9800319CF6 /* YelpTests */ = {
			isa = PBXNativeTarget;
			buildConfigurationList = 650B521C19CB9A9800319CF6 /* Build configuration list for PBXNativeTarget "YelpTests" */;
			buildPhases = (
				650B520B19CB9A9800319CF6 /* Sources */,
				650B520C19CB9A9800319CF6 /* Frameworks */,
				650B520D19CB9A9800319CF6 /* Resources */,
			);
			buildRules = (
			);
			dependencies = (
				650B521119CB9A9800319CF6 /* PBXTargetDependency */,
			);
			name = YelpTests;
			productName = YelpTests;
			productReference = 650B520F19CB9A9800319CF6 /* YelpTests.xctest */;
			productType = "com.apple.product-type.bundle.unit-test";
		};
/* End PBXNativeTarget section */

/* Begin PBXProject section */
		650B51F219CB9A9700319CF6 /* Project object */ = {
			isa = PBXProject;
			attributes = {
				LastUpgradeCheck = 0600;
				ORGANIZATIONNAME = "Julien Lecomte";
				TargetAttributes = {
					650B51F919CB9A9700319CF6 = {
						CreatedOnToolsVersion = 6.0;
					};
					650B520E19CB9A9800319CF6 = {
						CreatedOnToolsVersion = 6.0;
						TestTargetID = 650B51F919CB9A9700319CF6;
					};
				};
			};
			buildConfigurationList = 650B51F519CB9A9700319CF6 /* Build configuration list for PBXProject "Yelp" */;
			compatibilityVersion = "Xcode 3.2";
			developmentRegion = English;
			hasScannedForEncodings = 0;
			knownRegions = (
				en,
				Base,
			);
			mainGroup = 650B51F119CB9A9700319CF6;
			productRefGroup = 650B51FB19CB9A9700319CF6 /* Products */;
			projectDirPath = "";
			projectRoot = "";
			targets = (
				650B51F919CB9A9700319CF6 /* Yelp */,
				650B520E19CB9A9800319CF6 /* YelpTests */,
			);
		};
/* End PBXProject section */

/* Begin PBXResourcesBuildPhase section */
		650B51F819CB9A9700319CF6 /* Resources */ = {
			isa = PBXResourcesBuildPhase;
			buildActionMask = 2147483647;
			files = (
				650B520519CB9A9800319CF6 /* Main.storyboard in Resources */,
				650B520A19CB9A9800319CF6 /* LaunchScreen.xib in Resources */,
				650B520719CB9A9800319CF6 /* Images.xcassets in Resources */,
			);
			runOnlyForDeploymentPostprocessing = 0;
		};
		650B520D19CB9A9800319CF6 /* Resources */ = {
			isa = PBXResourcesBuildPhase;
			buildActionMask = 2147483647;
			files = (
			);
			runOnlyForDeploymentPostprocessing = 0;
		};
/* End PBXResourcesBuildPhase section */

/* Begin PBXShellScriptBuildPhase section */
		99203953F4724A86BBC930DD /* Check Pods Manifest.lock */ = {
			isa = PBXShellScriptBuildPhase;
			buildActionMask = 2147483647;
			files = (
			);
			inputPaths = (
			);
			name = "Check Pods Manifest.lock";
			outputPaths = (
			);
			runOnlyForDeploymentPostprocessing = 0;
			shellPath = /bin/sh;
			shellScript = "diff \"${PODS_ROOT}/../Podfile.lock\" \"${PODS_ROOT}/Manifest.lock\" > /dev/null\nif [[ $? != 0 ]] ; then\n    cat << EOM\nerror: The sandbox is not in sync with the Podfile.lock. Run 'pod install' or update your CocoaPods installation.\nEOM\n    exit 1\nfi\n";
			showEnvVarsInLog = 0;
		};
		B666D4D78BA345219345B9CB /* Copy Pods Resources */ = {
			isa = PBXShellScriptBuildPhase;
			buildActionMask = 2147483647;
			files = (
			);
			inputPaths = (
			);
			name = "Copy Pods Resources";
			outputPaths = (
			);
			runOnlyForDeploymentPostprocessing = 0;
			shellPath = /bin/sh;
			shellScript = "\"${SRCROOT}/Pods/Pods-resources.sh\"\n";
			showEnvVarsInLog = 0;
		};
/* End PBXShellScriptBuildPhase section */

/* Begin PBXSourcesBuildPhase section */
		650B51F619CB9A9700319CF6 /* Sources */ = {
			isa = PBXSourcesBuildPhase;
			buildActionMask = 2147483647;
			files = (
				651D85EA19CBA00500CB5BB7 /* YelpOAuthClient.swift in Sources */,
				650B520219CB9A9700319CF6 /* MainViewController.swift in Sources */,
				650B520019CB9A9700319CF6 /* AppDelegate.swift in Sources */,
			);
			runOnlyForDeploymentPostprocessing = 0;
		};
		650B520B19CB9A9800319CF6 /* Sources */ = {
			isa = PBXSourcesBuildPhase;
			buildActionMask = 2147483647;
			files = (
				650B521619CB9A9800319CF6 /* YelpTests.swift in Sources */,
			);
			runOnlyForDeploymentPostprocessing = 0;
		};
/* End PBXSourcesBuildPhase section */

/* Begin PBXTargetDependency section */
		650B521119CB9A9800319CF6 /* PBXTargetDependency */ = {
			isa = PBXTargetDependency;
			target = 650B51F919CB9A9700319CF6 /* Yelp */;
			targetProxy = 650B521019CB9A9800319CF6 /* PBXContainerItemProxy */;
		};
/* End PBXTargetDependency section */

/* Begin PBXVariantGroup section */
		650B520319CB9A9800319CF6 /* Main.storyboard */ = {
			isa = PBXVariantGroup;
			children = (
				650B520419CB9A9800319CF6 /* Base */,
			);
			name = Main.storyboard;
			sourceTree = "<group>";
		};
		650B520819CB9A9800319CF6 /* LaunchScreen.xib */ = {
			isa = PBXVariantGroup;
			children = (
				650B520919CB9A9800319CF6 /* Base */,
			);
			name = LaunchScreen.xib;
			sourceTree = "<group>";
		};
/* End PBXVariantGroup section */

/* Begin XCBuildConfiguration section */
		650B521719CB9A9800319CF6 /* Debug */ = {
			isa = XCBuildConfiguration;
			buildSettings = {
				ALWAYS_SEARCH_USER_PATHS = NO;
				CLANG_CXX_LANGUAGE_STANDARD = "gnu++0x";
				CLANG_CXX_LIBRARY = "libc++";
				CLANG_ENABLE_MODULES = YES;
				CLANG_ENABLE_OBJC_ARC = YES;
				CLANG_WARN_BOOL_CONVERSION = YES;
				CLANG_WARN_CONSTANT_CONVERSION = YES;
				CLANG_WARN_DIRECT_OBJC_ISA_USAGE = YES_ERROR;
				CLANG_WARN_EMPTY_BODY = YES;
				CLANG_WARN_ENUM_CONVERSION = YES;
				CLANG_WARN_INT_CONVERSION = YES;
				CLANG_WARN_OBJC_ROOT_CLASS = YES_ERROR;
				CLANG_WARN_UNREACHABLE_CODE = YES;
				CLANG_WARN__DUPLICATE_METHOD_MATCH = YES;
				"CODE_SIGN_IDENTITY[sdk=iphoneos*]" = "iPhone Developer";
				COPY_PHASE_STRIP = NO;
				ENABLE_STRICT_OBJC_MSGSEND = YES;
				GCC_C_LANGUAGE_STANDARD = gnu99;
				GCC_DYNAMIC_NO_PIC = NO;
				GCC_OPTIMIZATION_LEVEL = 0;
				GCC_PREPROCESSOR_DEFINITIONS = (
					"DEBUG=1",
					"$(inherited)",
				);
				GCC_SYMBOLS_PRIVATE_EXTERN = NO;
				GCC_WARN_64_TO_32_BIT_CONVERSION = YES;
				GCC_WARN_ABOUT_RETURN_TYPE = YES_ERROR;
				GCC_WARN_UNDECLARED_SELECTOR = YES;
				GCC_WARN_UNINITIALIZED_AUTOS = YES_AGGRESSIVE;
				GCC_WARN_UNUSED_FUNCTION = YES;
				GCC_WARN_UNUSED_VARIABLE = YES;
				IPHONEOS_DEPLOYMENT_TARGET = 8.0;
				MTL_ENABLE_DEBUG_INFO = YES;
				ONLY_ACTIVE_ARCH = YES;
				SDKROOT = iphoneos;
				SWIFT_OPTIMIZATION_LEVEL = "-Onone";
			};
			name = Debug;
		};
		650B521819CB9A9800319CF6 /* Release */ = {
			isa = XCBuildConfiguration;
			buildSettings = {
				ALWAYS_SEARCH_USER_PATHS = NO;
				CLANG_CXX_LANGUAGE_STANDARD = "gnu++0x";
				CLANG_CXX_LIBRARY = "libc++";
				CLANG_ENABLE_MODULES = YES;
				CLANG_ENABLE_OBJC_ARC = YES;
				CLANG_WARN_BOOL_CONVERSION = YES;
				CLANG_WARN_CONSTANT_CONVERSION = YES;
				CLANG_WARN_DIRECT_OBJC_ISA_USAGE = YES_ERROR;
				CLANG_WARN_EMPTY_BODY = YES;
				CLANG_WARN_ENUM_CONVERSION = YES;
				CLANG_WARN_INT_CONVERSION = YES;
				CLANG_WARN_OBJC_ROOT_CLASS = YES_ERROR;
				CLANG_WARN_UNREACHABLE_CODE = YES;
				CLANG_WARN__DUPLICATE_METHOD_MATCH = YES;
				"CODE_SIGN_IDENTITY[sdk=iphoneos*]" = "iPhone Developer";
				COPY_PHASE_STRIP = YES;
				ENABLE_NS_ASSERTIONS = NO;
				ENABLE_STRICT_OBJC_MSGSEND = YES;
				GCC_C_LANGUAGE_STANDARD = gnu99;
				GCC_WARN_64_TO_32_BIT_CONVERSION = YES;
				GCC_WARN_ABOUT_RETURN_TYPE = YES_ERROR;
				GCC_WARN_UNDECLARED_SELECTOR = YES;
				GCC_WARN_UNINITIALIZED_AUTOS = YES_AGGRESSIVE;
				GCC_WARN_UNUSED_FUNCTION = YES;
				GCC_WARN_UNUSED_VARIABLE = YES;
				IPHONEOS_DEPLOYMENT_TARGET = 8.0;
				MTL_ENABLE_DEBUG_INFO = NO;
				SDKROOT = iphoneos;
				VALIDATE_PRODUCT = YES;
			};
			name = Release;
		};
		650B521A19CB9A9800319CF6 /* Debug */ = {
			isa = XCBuildConfiguration;
			baseConfigurationReference = 5FC4AFC0D0474846A8F25B40 /* Pods.xcconfig */;
			buildSettings = {
				ASSETCATALOG_COMPILER_APPICON_NAME = AppIcon;
				CLANG_ENABLE_MODULES = YES;
				INFOPLIST_FILE = Yelp/Info.plist;
				LD_RUNPATH_SEARCH_PATHS = "$(inherited) @executable_path/Frameworks";
				PRODUCT_NAME = "$(TARGET_NAME)";
				SWIFT_OBJC_BRIDGING_HEADER = "Yelp/Yelp-Bridging-Header.h";
				SWIFT_OPTIMIZATION_LEVEL = "-Onone";
			};
			name = Debug;
		};
		650B521B19CB9A9800319CF6 /* Release */ = {
			isa = XCBuildConfiguration;
			baseConfigurationReference = 5FC4AFC0D0474846A8F25B40 /* Pods.xcconfig */;
			buildSettings = {
				ASSETCATALOG_COMPILER_APPICON_NAME = AppIcon;
				CLANG_ENABLE_MODULES = YES;
				INFOPLIST_FILE = Yelp/Info.plist;
				LD_RUNPATH_SEARCH_PATHS = "$(inherited) @executable_path/Frameworks";
				PRODUCT_NAME = "$(TARGET_NAME)";
				SWIFT_OBJC_BRIDGING_HEADER = "Yelp/Yelp-Bridging-Header.h";
			};
			name = Release;
		};
		650B521D19CB9A9800319CF6 /* Debug */ = {
			isa = XCBuildConfiguration;
			buildSettings = {
				BUNDLE_LOADER = "$(TEST_HOST)";
				FRAMEWORK_SEARCH_PATHS = (
					"$(SDKROOT)/Developer/Library/Frameworks",
					"$(inherited)",
				);
				GCC_PREPROCESSOR_DEFINITIONS = (
					"DEBUG=1",
					"$(inherited)",
				);
				INFOPLIST_FILE = YelpTests/Info.plist;
				LD_RUNPATH_SEARCH_PATHS = "$(inherited) @executable_path/Frameworks @loader_path/Frameworks";
				PRODUCT_NAME = "$(TARGET_NAME)";
				TEST_HOST = "$(BUILT_PRODUCTS_DIR)/Yelp.app/Yelp";
			};
			name = Debug;
		};
		650B521E19CB9A9800319CF6 /* Release */ = {
			isa = XCBuildConfiguration;
			buildSettings = {
				BUNDLE_LOADER = "$(TEST_HOST)";
				FRAMEWORK_SEARCH_PATHS = (
					"$(SDKROOT)/Developer/Library/Frameworks",
					"$(inherited)",
				);
				INFOPLIST_FILE = YelpTests/Info.plist;
				LD_RUNPATH_SEARCH_PATHS = "$(inherited) @executable_path/Frameworks @loader_path/Frameworks";
				PRODUCT_NAME = "$(TARGET_NAME)";
				TEST_HOST = "$(BUILT_PRODUCTS_DIR)/Yelp.app/Yelp";
			};
			name = Release;
		};
/* End XCBuildConfiguration section */

/* Begin XCConfigurationList section */
		650B51F519CB9A9700319CF6 /* Build configuration list for PBXProject "Yelp" */ = {
			isa = XCConfigurationList;
			buildConfigurations = (
				650B521719CB9A9800319CF6 /* Debug */,
				650B521819CB9A9800319CF6 /* Release */,
			);
			defaultConfigurationIsVisible = 0;
			defaultConfigurationName = Release;
		};
		650B521919CB9A9800319CF6 /* Build configuration list for PBXNativeTarget "Yelp" */ = {
			isa = XCConfigurationList;
			buildConfigurations = (
				650B521A19CB9A9800319CF6 /* Debug */,
				650B521B19CB9A9800319CF6 /* Release */,
			);
			defaultConfigurationIsVisible = 0;
			defaultConfigurationName = Release;
		};
		650B521C19CB9A9800319CF6 /* Build configuration list for PBXNativeTarget "YelpTests" */ = {
			isa = XCConfigurationList;
			buildConfigurations = (
				650B521D19CB9A9800319CF6 /* Debug */,
				650B521E19CB9A9800319CF6 /* Release */,
			);
			defaultConfigurationIsVisible = 0;
			defaultConfigurationName = Release;
		};
/* End XCConfigurationList section */
	};
	rootObject = 650B51F219CB9A9700319CF6 /* Project object */;
}
